
Microsoft Visual Studio Solution File, Format Version 12.00
# Visual Studio Version 17
VisualStudioVersion = 17.5.002.0
MinimumVisualStudioVersion = 10.0.40219.1
Project("{2150E333-8FDC-42A3-9474-1A3956D46DE8}") = "prepare", "prepare", "{4BB3B71B-74F6-4AC9-85A1-F216CE558AF8}"
EndProject
Project("{9A19103F-16F7-4668-BE54-9A1E7A4F7556}") = "Learning02", "prepare\Learning02\Learning02.csproj", "{A65AE104-F0DC-4C5F-8049-5FB56FAE42A5}"
EndProject
Project("{9A19103F-16F7-4668-BE54-9A1E7A4F7556}") = "Learning05", "prepare\Learning05\Learning05.csproj", "{DF79FB9A-B354-4723-AC2D-722FC6B1D52D}"
EndProject
Project("{9A19103F-16F7-4668-BE54-9A1E7A4F7556}") = "Learning04", "prepare\Learning04\Learning04.csproj", "{B9437970-94A9-4269-BA5E-F8A5167B85BE}"
EndProject
Project("{9A19103F-16F7-4668-BE54-9A1E7A4F7556}") = "Learning03", "prepare\Learning03\Learning03.csproj", "{6EDFC206-136B-4AB6-A71E-9C3F1335C8A2}"
EndProject
Project("{2150E333-8FDC-42A3-9474-1A3956D46DE8}") = "prove", "prove", "{2953074E-3E42-4F6E-B0A2-1FAEBF8D715F}"
EndProject
Project("{9A19103F-16F7-4668-BE54-9A1E7A4F7556}") = "Develop03", "prove\Develop03\Develop03.csproj", "{AC16DB97-0FF7-4C88-B9AD-C984FE2EC0AD}"
EndProject
Project("{9A19103F-16F7-4668-BE54-9A1E7A4F7556}") = "Develop04", "prove\Develop04\Develop04.csproj", "{5CA41B27-C1ED-4C9E-93E8-7D3F5B91E799}"
EndProject
Project("{9A19103F-16F7-4668-BE54-9A1E7A4F7556}") = "Develop05", "prove\Develop05\Develop05.csproj", "{C646FAD6-9EAE-4A55-B17D-3C81548A43FB}"
EndProject
Project("{9A19103F-16F7-4668-BE54-9A1E7A4F7556}") = "Develop02", "prove\Develop02\Develop02.csproj", "{218BA1FA-C87A-465E-98E9-238936853CDE}"
EndProject
Project("{2150E333-8FDC-42A3-9474-1A3956D46DE8}") = "sandbox", "sandbox", "{63208394-D346-407A-A866-34685BC9ED43}"
EndProject
Project("{9A19103F-16F7-4668-BE54-9A1E7A4F7556}") = "Sandbox", "sandbox\Sandbox\Sandbox.csproj", "{E4A67FFC-3F0E-4730-9EB3-630123281B61}"
EndProject
Project("{2150E333-8FDC-42A3-9474-1A3956D46DE8}") = "final", "final", "{8A17D79B-721E-40E0-9B04-ADD607D96A0B}"
EndProject
Project("{9A19103F-16F7-4668-BE54-9A1E7A4F7556}") = "FinalProject", "final\FinalProject\FinalProject.csproj", "{31A38BC4-0177-41D4-BD81-3569D6EDE633}"
EndProject
Project("{9A19103F-16F7-4668-BE54-9A1E7A4F7556}") = "Foundation1", "final\Foundation1\Foundation1.csproj", "{290BBF5E-0217-4B57-B90D-8129EA7C9EBD}"
EndProject
Project("{9A19103F-16F7-4668-BE54-9A1E7A4F7556}") = "Foundation4", "final\Foundation4\Foundation4.csproj", "{8DA9A15B-0ED3-4478-8C15-8F07495DD266}"
EndProject
Project("{9A19103F-16F7-4668-BE54-9A1E7A4F7556}") = "Foundation3", "final\Foundation3\Foundation3.csproj", "{85FED392-AC6B-431A-98CC-3AB5B3E0E76F}"
EndProject
Project("{9A19103F-16F7-4668-BE54-9A1E7A4F7556}") = "Foundation2", "final\Foundation2\Foundation2.csproj", "{4419ADFA-C827-4AC2-B9C0-E9693EA705BD}"
EndProject
Project("{2150E333-8FDC-42A3-9474-1A3956D46DE8}") = "csharp-prep", "csharp-prep", "{D3B6AF2E-4DDC-4893-BC6C-44F9B80798C0}"
EndProject
Project("{9A19103F-16F7-4668-BE54-9A1E7A4F7556}") = "Prep1", "csharp-prep\Prep1\Prep1.csproj", "{B03B72F0-6967-4509-AD4B-9D05710FEAD1}"
EndProject
Project("{9A19103F-16F7-4668-BE54-9A1E7A4F7556}") = "Prep5", "csharp-prep\Prep5\Prep5.csproj", "{DE4EDA2E-0452-4F1B-99C8-C09F65EFB427}"
EndProject
Project("{9A19103F-16F7-4668-BE54-9A1E7A4F7556}") = "Prep2", "csharp-prep\Prep2\Prep2.csproj", "{E869F61B-2002-49A6-B697-5B4D4923E3BA}"
EndProject
Project("{9A19103F-16F7-4668-BE54-9A1E7A4F7556}") = "Prep3", "csharp-prep\Prep3\Prep3.csproj", "{342C7E84-37BA-4172-A22B-26D27A082D42}"
EndProject
Project("{9A19103F-16F7-4668-BE54-9A1E7A4F7556}") = "Prep4", "csharp-prep\Prep4\Prep4.csproj", "{4C096A82-2287-4BFE-8E7E-C96DEB4E61A6}"
EndProject
Global
	GlobalSection(SolutionConfigurationPlatforms) = preSolution
		Debug|Any CPU = Debug|Any CPU
		Release|Any CPU = Release|Any CPU
	EndGlobalSection
	GlobalSection(ProjectConfigurationPlatforms) = postSolution
		{A65AE104-F0DC-4C5F-8049-5FB56FAE42A5}.Debug|Any CPU.ActiveCfg = Debug|Any CPU
		{A65AE104-F0DC-4C5F-8049-5FB56FAE42A5}.Debug|Any CPU.Build.0 = Debug|Any CPU
		{A65AE104-F0DC-4C5F-8049-5FB56FAE42A5}.Release|Any CPU.ActiveCfg = Release|Any CPU
		{A65AE104-F0DC-4C5F-8049-5FB56FAE42A5}.Release|Any CPU.Build.0 = Release|Any CPU
		{DF79FB9A-B354-4723-AC2D-722FC6B1D52D}.Debug|Any CPU.ActiveCfg = Debug|Any CPU
		{DF79FB9A-B354-4723-AC2D-722FC6B1D52D}.Debug|Any CPU.Build.0 = Debug|Any CPU
		{DF79FB9A-B354-4723-AC2D-722FC6B1D52D}.Release|Any CPU.ActiveCfg = Release|Any CPU
		{DF79FB9A-B354-4723-AC2D-722FC6B1D52D}.Release|Any CPU.Build.0 = Release|Any CPU
		{B9437970-94A9-4269-BA5E-F8A5167B85BE}.Debug|Any CPU.ActiveCfg = Debug|Any CPU
		{B9437970-94A9-4269-BA5E-F8A5167B85BE}.Debug|Any CPU.Build.0 = Debug|Any CPU
		{B9437970-94A9-4269-BA5E-F8A5167B85BE}.Release|Any CPU.ActiveCfg = Release|Any CPU
		{B9437970-94A9-4269-BA5E-F8A5167B85BE}.Release|Any CPU.Build.0 = Release|Any CPU
		{6EDFC206-136B-4AB6-A71E-9C3F1335C8A2}.Debug|Any CPU.ActiveCfg = Debug|Any CPU
		{6EDFC206-136B-4AB6-A71E-9C3F1335C8A2}.Debug|Any CPU.Build.0 = Debug|Any CPU
		{6EDFC206-136B-4AB6-A71E-9C3F1335C8A2}.Release|Any CPU.ActiveCfg = Release|Any CPU
		{6EDFC206-136B-4AB6-A71E-9C3F1335C8A2}.Release|Any CPU.Build.0 = Release|Any CPU
		{AC16DB97-0FF7-4C88-B9AD-C984FE2EC0AD}.Debug|Any CPU.ActiveCfg = Debug|Any CPU
		{AC16DB97-0FF7-4C88-B9AD-C984FE2EC0AD}.Debug|Any CPU.Build.0 = Debug|Any CPU
		{AC16DB97-0FF7-4C88-B9AD-C984FE2EC0AD}.Release|Any CPU.ActiveCfg = Release|Any CPU
		{AC16DB97-0FF7-4C88-B9AD-C984FE2EC0AD}.Release|Any CPU.Build.0 = Release|Any CPU
		{5CA41B27-C1ED-4C9E-93E8-7D3F5B91E799}.Debug|Any CPU.ActiveCfg = Debug|Any CPU
		{5CA41B27-C1ED-4C9E-93E8-7D3F5B91E799}.Debug|Any CPU.Build.0 = Debug|Any CPU
		{5CA41B27-C1ED-4C9E-93E8-7D3F5B91E799}.Release|Any CPU.ActiveCfg = Release|Any CPU
		{5CA41B27-C1ED-4C9E-93E8-7D3F5B91E799}.Release|Any CPU.Build.0 = Release|Any CPU
		{C646FAD6-9EAE-4A55-B17D-3C81548A43FB}.Debug|Any CPU.ActiveCfg = Debug|Any CPU
		{C646FAD6-9EAE-4A55-B17D-3C81548A43FB}.Debug|Any CPU.Build.0 = Debug|Any CPU
		{C646FAD6-9EAE-4A55-B17D-3C81548A43FB}.Release|Any CPU.ActiveCfg = Release|Any CPU
		{C646FAD6-9EAE-4A55-B17D-3C81548A43FB}.Release|Any CPU.Build.0 = Release|Any CPU
		{218BA1FA-C87A-465E-98E9-238936853CDE}.Debug|Any CPU.ActiveCfg = Debug|Any CPU
		{218BA1FA-C87A-465E-98E9-238936853CDE}.Debug|Any CPU.Build.0 = Debug|Any CPU
		{218BA1FA-C87A-465E-98E9-238936853CDE}.Release|Any CPU.ActiveCfg = Release|Any CPU
		{218BA1FA-C87A-465E-98E9-238936853CDE}.Release|Any CPU.Build.0 = Release|Any CPU
		{E4A67FFC-3F0E-4730-9EB3-630123281B61}.Debug|Any CPU.ActiveCfg = Debug|Any CPU
		{E4A67FFC-3F0E-4730-9EB3-630123281B61}.Debug|Any CPU.Build.0 = Debug|Any CPU
		{E4A67FFC-3F0E-4730-9EB3-630123281B61}.Release|Any CPU.ActiveCfg = Release|Any CPU
		{E4A67FFC-3F0E-4730-9EB3-630123281B61}.Release|Any CPU.Build.0 = Release|Any CPU
		{31A38BC4-0177-41D4-BD81-3569D6EDE633}.Debug|Any CPU.ActiveCfg = Debug|Any CPU
		{31A38BC4-0177-41D4-BD81-3569D6EDE633}.Debug|Any CPU.Build.0 = Debug|Any CPU
		{31A38BC4-0177-41D4-BD81-3569D6EDE633}.Release|Any CPU.ActiveCfg = Release|Any CPU
		{31A38BC4-0177-41D4-BD81-3569D6EDE633}.Release|Any CPU.Build.0 = Release|Any CPU
		{290BBF5E-0217-4B57-B90D-8129EA7C9EBD}.Debug|Any CPU.ActiveCfg = Debug|Any CPU
		{290BBF5E-0217-4B57-B90D-8129EA7C9EBD}.Debug|Any CPU.Build.0 = Debug|Any CPU
		{290BBF5E-0217-4B57-B90D-8129EA7C9EBD}.Release|Any CPU.ActiveCfg = Release|Any CPU
		{290BBF5E-0217-4B57-B90D-8129EA7C9EBD}.Release|Any CPU.Build.0 = Release|Any CPU
		{8DA9A15B-0ED3-4478-8C15-8F07495DD266}.Debug|Any CPU.ActiveCfg = Debug|Any CPU
		{8DA9A15B-0ED3-4478-8C15-8F07495DD266}.Debug|Any CPU.Build.0 = Debug|Any CPU
		{8DA9A15B-0ED3-4478-8C15-8F07495DD266}.Release|Any CPU.ActiveCfg = Release|Any CPU
		{8DA9A15B-0ED3-4478-8C15-8F07495DD266}.Release|Any CPU.Build.0 = Release|Any CPU
		{85FED392-AC6B-431A-98CC-3AB5B3E0E76F}.Debug|Any CPU.ActiveCfg = Debug|Any CPU
		{85FED392-AC6B-431A-98CC-3AB5B3E0E76F}.Debug|Any CPU.Build.0 = Debug|Any CPU
		{85FED392-AC6B-431A-98CC-3AB5B3E0E76F}.Release|Any CPU.ActiveCfg = Release|Any CPU
		{85FED392-AC6B-431A-98CC-3AB5B3E0E76F}.Release|Any CPU.Build.0 = Release|Any CPU
		{4419ADFA-C827-4AC2-B9C0-E9693EA705BD}.Debug|Any CPU.ActiveCfg = Debug|Any CPU
		{4419ADFA-C827-4AC2-B9C0-E9693EA705BD}.Debug|Any CPU.Build.0 = Debug|Any CPU
		{4419ADFA-C827-4AC2-B9C0-E9693EA705BD}.Release|Any CPU.ActiveCfg = Release|Any CPU
		{4419ADFA-C827-4AC2-B9C0-E9693EA705BD}.Release|Any CPU.Build.0 = Release|Any CPU
		{B03B72F0-6967-4509-AD4B-9D05710FEAD1}.Debug|Any CPU.ActiveCfg = Debug|Any CPU
		{B03B72F0-6967-4509-AD4B-9D05710FEAD1}.Debug|Any CPU.Build.0 = Debug|Any CPU
		{B03B72F0-6967-4509-AD4B-9D05710FEAD1}.Release|Any CPU.ActiveCfg = Release|Any CPU
		{B03B72F0-6967-4509-AD4B-9D05710FEAD1}.Release|Any CPU.Build.0 = Release|Any CPU
		{DE4EDA2E-0452-4F1B-99C8-C09F65EFB427}.Debug|Any CPU.ActiveCfg = Debug|Any CPU
		{DE4EDA2E-0452-4F1B-99C8-C09F65EFB427}.Debug|Any CPU.Build.0 = Debug|Any CPU
		{DE4EDA2E-0452-4F1B-99C8-C09F65EFB427}.Release|Any CPU.ActiveCfg = Release|Any CPU
		{DE4EDA2E-0452-4F1B-99C8-C09F65EFB427}.Release|Any CPU.Build.0 = Release|Any CPU
		{E869F61B-2002-49A6-B697-5B4D4923E3BA}.Debug|Any CPU.ActiveCfg = Debug|Any CPU
		{E869F61B-2002-49A6-B697-5B4D4923E3BA}.Debug|Any CPU.Build.0 = Debug|Any CPU
		{E869F61B-2002-49A6-B697-5B4D4923E3BA}.Release|Any CPU.ActiveCfg = Release|Any CPU
		{E869F61B-2002-49A6-B697-5B4D4923E3BA}.Release|Any CPU.Build.0 = Release|Any CPU
		{342C7E84-37BA-4172-A22B-26D27A082D42}.Debug|Any CPU.ActiveCfg = Debug|Any CPU
		{342C7E84-37BA-4172-A22B-26D27A082D42}.Debug|Any CPU.Build.0 = Debug|Any CPU
		{342C7E84-37BA-4172-A22B-26D27A082D42}.Release|Any CPU.ActiveCfg = Release|Any CPU
		{342C7E84-37BA-4172-A22B-26D27A082D42}.Release|Any CPU.Build.0 = Release|Any CPU
		{4C096A82-2287-4BFE-8E7E-C96DEB4E61A6}.Debug|Any CPU.ActiveCfg = Debug|Any CPU
		{4C096A82-2287-4BFE-8E7E-C96DEB4E61A6}.Debug|Any CPU.Build.0 = Debug|Any CPU
		{4C096A82-2287-4BFE-8E7E-C96DEB4E61A6}.Release|Any CPU.ActiveCfg = Release|Any CPU
		{4C096A82-2287-4BFE-8E7E-C96DEB4E61A6}.Release|Any CPU.Build.0 = Release|Any CPU
	EndGlobalSection
	GlobalSection(SolutionProperties) = preSolution
		HideSolutionNode = FALSE
	EndGlobalSection
	GlobalSection(NestedProjects) = preSolution
		{A65AE104-F0DC-4C5F-8049-5FB56FAE42A5} = {4BB3B71B-74F6-4AC9-85A1-F216CE558AF8}
		{DF79FB9A-B354-4723-AC2D-722FC6B1D52D} = {4BB3B71B-74F6-4AC9-85A1-F216CE558AF8}
		{B9437970-94A9-4269-BA5E-F8A5167B85BE} = {4BB3B71B-74F6-4AC9-85A1-F216CE558AF8}
		{6EDFC206-136B-4AB6-A71E-9C3F1335C8A2} = {4BB3B71B-74F6-4AC9-85A1-F216CE558AF8}
		{AC16DB97-0FF7-4C88-B9AD-C984FE2EC0AD} = {2953074E-3E42-4F6E-B0A2-1FAEBF8D715F}
		{5CA41B27-C1ED-4C9E-93E8-7D3F5B91E799} = {2953074E-3E42-4F6E-B0A2-1FAEBF8D715F}
		{C646FAD6-9EAE-4A55-B17D-3C81548A43FB} = {2953074E-3E42-4F6E-B0A2-1FAEBF8D715F}
		{218BA1FA-C87A-465E-98E9-238936853CDE} = {2953074E-3E42-4F6E-B0A2-1FAEBF8D715F}
		{E4A67FFC-3F0E-4730-9EB3-630123281B61} = {63208394-D346-407A-A866-34685BC9ED43}
		{31A38BC4-0177-41D4-BD81-3569D6EDE633} = {8A17D79B-721E-40E0-9B04-ADD607D96A0B}
		{290BBF5E-0217-4B57-B90D-8129EA7C9EBD} = {8A17D79B-721E-40E0-9B04-ADD607D96A0B}
		{8DA9A15B-0ED3-4478-8C15-8F07495DD266} = {8A17D79B-721E-40E0-9B04-ADD607D96A0B}
		{85FED392-AC6B-431A-98CC-3AB5B3E0E76F} = {8A17D79B-721E-40E0-9B04-ADD607D96A0B}
		{4419ADFA-C827-4AC2-B9C0-E9693EA705BD} = {8A17D79B-721E-40E0-9B04-ADD607D96A0B}
		{B03B72F0-6967-4509-AD4B-9D05710FEAD1} = {D3B6AF2E-4DDC-4893-BC6C-44F9B80798C0}
		{DE4EDA2E-0452-4F1B-99C8-C09F65EFB427} = {D3B6AF2E-4DDC-4893-BC6C-44F9B80798C0}
		{E869F61B-2002-49A6-B697-5B4D4923E3BA} = {D3B6AF2E-4DDC-4893-BC6C-44F9B80798C0}
		{342C7E84-37BA-4172-A22B-26D27A082D42} = {D3B6AF2E-4DDC-4893-BC6C-44F9B80798C0}
		{4C096A82-2287-4BFE-8E7E-C96DEB4E61A6} = {D3B6AF2E-4DDC-4893-BC6C-44F9B80798C0}
	EndGlobalSection
	GlobalSection(ExtensibilityGlobals) = postSolution
		SolutionGuid = {62AF8D89-CE27-41FA-8720-4FE8DC3DA812}
	EndGlobalSection
EndGlobal
